
Microsoft Visual Studio Solution File, Format Version 12.00
Project("{FAE04EC0-301F-11D3-BF4B-00C04F79EFBC}") = "stackTask", "stackTask\stackTask.csproj", "{AF445D86-AE79-4AD0-AC56-20F6A2AB5F6D}"
EndProject
Global
	GlobalSection(SolutionConfigurationPlatforms) = preSolution
		Debug|Any CPU = Debug|Any CPU
		Release|Any CPU = Release|Any CPU
	EndGlobalSection
	GlobalSection(ProjectConfigurationPlatforms) = postSolution
		{AF445D86-AE79-4AD0-AC56-20F6A2AB5F6D}.Debug|Any CPU.ActiveCfg = Debug|Any CPU
		{AF445D86-AE79-4AD0-AC56-20F6A2AB5F6D}.Debug|Any CPU.Build.0 = Debug|Any CPU
		{AF445D86-AE79-4AD0-AC56-20F6A2AB5F6D}.Release|Any CPU.ActiveCfg = Release|Any CPU
		{AF445D86-AE79-4AD0-AC56-20F6A2AB5F6D}.Release|Any CPU.Build.0 = Release|Any CPU
	EndGlobalSection
EndGlobal
